<?xml version="1.0" encoding="utf-8"?>
<Project ToolsVersion="4.0" xmlns="http://schemas.microsoft.com/developer/msbuild/2003">
  <ItemGroup>
    <Filter Include="Source Files">
      <UniqueIdentifier>{4FC737F1-C7A5-4376-A066-2A32D752A2FF}</UniqueIdentifier>
      <Extensions>cpp;c;cc;cxx;def;odl;idl;hpj;bat;asm;asmx</Extensions>
    </Filter>
    <Filter Include="Header Files">
      <UniqueIdentifier>{93995380-89BD-4b04-88EB-625FBE52EBFB}</UniqueIdentifier>
      <Extensions>h;hh;hpp;hxx;hm;inl;inc;xsd</Extensions>
    </Filter>
    <Filter Include="cuda">
      <UniqueIdentifier>{e9d3e072-dfa7-4959-b960-1ceea4db9c8f}</UniqueIdentifier>
    </Filter>
    <Filter Include="wrap">
      <UniqueIdentifier>{b4c63afc-bec6-4b4a-9c85-0b1a2de8020b}</UniqueIdentifier>
    </Filter>
    <Filter Include="windows">
      <UniqueIdentifier>{e896d0f9-fcfc-4253-bb8c-c85b091bcace}</UniqueIdentifier>
    </Filter>
  </ItemGroup>
  <ItemGroup>
    <ClCompile Include="..\src\nnet\cudnn.cpp">
      <Filter>Source Files</Filter>
    </ClCompile>
    <ClCompile Include="..\src\blas.cpp">
      <Filter>Source Files</Filter>
    </ClCompile>
    <ClCompile Include="..\src\nnet\conv_bc01_matmul.cpp">
      <Filter>Source Files</Filter>
    </ClCompile>
  </ItemGroup>
  <ItemGroup>
    <ClInclude Include="..\include\cudarray\array_ops.hpp">
      <Filter>Header Files</Filter>
    </ClInclude>
    <ClInclude Include="..\include\cudarray\image\rescale.hpp">
      <Filter>Header Files</Filter>
    </ClInclude>
    <ClInclude Include="..\include\cudarray\blas.hpp">
      <Filter>Header Files</Filter>
    </ClInclude>
    <ClInclude Include="..\include\cudarray\common.hpp">
      <Filter>Header Files</Filter>
    </ClInclude>
    <ClInclude Include="..\include\cudarray\nnet\conv_bc01_matmul.hpp">
      <Filter>Header Files</Filter>
    </ClInclude>
    <ClInclude Include="..\include\cudarray\nnet\cudnn.hpp">
      <Filter>Header Files</Filter>
    </ClInclude>
    <ClInclude Include="..\include\cudarray\elementwise.hpp">
      <Filter>Header Files</Filter>
    </ClInclude>
    <ClInclude Include="..\include\cudarray\image\img2win.hpp">
      <Filter>Header Files</Filter>
    </ClInclude>
    <ClInclude Include="..\include\cudarray\nnet\one_hot.hpp">
      <Filter>Header Files</Filter>
    </ClInclude>
    <ClInclude Include="..\include\cudarray\nnet\pool_b01.hpp">
      <Filter>Header Files</Filter>
    </ClInclude>
    <ClInclude Include="..\include\cudarray\random.hpp">
      <Filter>Header Files</Filter>
    </ClInclude>
    <ClInclude Include="..\include\cudarray\reduction.hpp">
      <Filter>Header Files</Filter>
    </ClInclude>
    <ClInclude Include="..\include\windows\unistd.h">
      <Filter>windows</Filter>
    </ClInclude>
  </ItemGroup>
  <ItemGroup>
    <CudaCompile Include="..\src\array_ops.cu">
      <Filter>cuda</Filter>
    </CudaCompile>
    <CudaCompile Include="..\src\image\rescale.cu">
      <Filter>cuda</Filter>
    </CudaCompile>
    <CudaCompile Include="..\src\elementwise.cu">
      <Filter>cuda</Filter>
    </CudaCompile>
    <CudaCompile Include="..\src\image\img2win.cu">
      <Filter>cuda</Filter>
    </CudaCompile>
    <CudaCompile Include="..\src\nnet\one_hot.cu">
      <Filter>cuda</Filter>
    </CudaCompile>
    <CudaCompile Include="..\src\nnet\pool_b01.cu">
      <Filter>cuda</Filter>
    </CudaCompile>
    <CudaCompile Include="..\src\random.cu">
      <Filter>cuda</Filter>
    </CudaCompile>
    <CudaCompile Include="..\src\reduction.cu">
      <Filter>cuda</Filter>
    </CudaCompile>
  </ItemGroup>
  <ItemGroup>
    <None Include="..\cudarray\wrap\array_data.pxd">
      <Filter>wrap</Filter>
    </None>
    <None Include="..\cudarray\wrap\array_data.pyx">
      <Filter>wrap</Filter>
    </None>
    <None Include="..\cudarray\wrap\array_ops.pxd">
      <Filter>wrap</Filter>
    </None>
    <None Include="..\cudarray\wrap\array_ops.pyx">
      <Filter>wrap</Filter>
    </None>
    <None Include="..\cudarray\wrap\blas.pxd">
      <Filter>wrap</Filter>
    </None>
    <None Include="..\cudarray\wrap\blas.pyx">
      <Filter>wrap</Filter>
    </None>
    <None Include="..\cudarray\wrap\cudart.pxd">
      <Filter>wrap</Filter>
    </None>
    <None Include="..\cudarray\wrap\cudart.pyx">
      <Filter>wrap</Filter>
    </None>
    <None Include="..\cudarray\wrap\cudnn.pxd">
      <Filter>wrap</Filter>
    </None>
    <None Include="..\cudarray\wrap\cudnn.pyx">
      <Filter>wrap</Filter>
    </None>
    <None Include="..\cudarray\wrap\elementwise.pxd">
      <Filter>wrap</Filter>
    </None>
    <None Include="..\cudarray\wrap\elementwise.pyx">
      <Filter>wrap</Filter>
    </None>
    <None Include="..\cudarray\wrap\image.pxd">
      <Filter>wrap</Filter>
    </None>
    <None Include="..\cudarray\wrap\image.pyx">
      <Filter>wrap</Filter>
    </None>
    <None Include="..\cudarray\wrap\nnet.pxd">
      <Filter>wrap</Filter>
    </None>
    <None Include="..\cudarray\wrap\nnet.pyx">
      <Filter>wrap</Filter>
    </None>
    <None Include="..\cudarray\wrap\random.pxd">
      <Filter>wrap</Filter>
    </None>
    <None Include="..\cudarray\wrap\random.pyx">
      <Filter>wrap</Filter>
    </None>
    <None Include="..\cudarray\wrap\reduction.pxd">
      <Filter>wrap</Filter>
    </None>
    <None Include="..\cudarray\wrap\reduction.pyx">
      <Filter>wrap</Filter>
    </None>
  </ItemGroup>
</Project>